
Microsoft Visual Studio Solution File, Format Version 12.00
# Visual Studio Version 17
VisualStudioVersion = 17.10.35004.147
MinimumVisualStudioVersion = 10.0.40219.1
Project("{FAE04EC0-301F-11D3-BF4B-00C04F79EFBC}") = "JsonTCPClient", "JsonTCPClient\JsonTCPClient.csproj", "{6A43C2BB-2006-4618-8D99-39940E7E0B09}"
EndProject
Global
	GlobalSection(SolutionConfigurationPlatforms) = preSolution
		Debug|Any CPU = Debug|Any CPU
		Release|Any CPU = Release|Any CPU
	EndGlobalSection
	GlobalSection(ProjectConfigurationPlatforms) = postSolution
		{6A43C2BB-2006-4618-8D99-39940E7E0B09}.Debug|Any CPU.ActiveCfg = Debug|Any CPU
		{6A43C2BB-2006-4618-8D99-39940E7E0B09}.Debug|Any CPU.Build.0 = Debug|Any CPU
		{6A43C2BB-2006-4618-8D99-39940E7E0B09}.Release|Any CPU.ActiveCfg = Release|Any CPU
		{6A43C2BB-2006-4618-8D99-39940E7E0B09}.Release|Any CPU.Build.0 = Release|Any CPU
	EndGlobalSection
	GlobalSection(SolutionProperties) = preSolution
		HideSolutionNode = FALSE
	EndGlobalSection
	GlobalSection(ExtensibilityGlobals) = postSolution
		SolutionGuid = {14111639-0482-4B33-98AF-39E7336E2F31}
	EndGlobalSection
EndGlobal
